
Microsoft Visual Studio Solution File, Format Version 12.00
# Visual Studio Version 17
VisualStudioVersion = 17.0.31903.59
MinimumVisualStudioVersion = 10.0.40219.1
Project("{FAE04EC0-301F-11D3-BF4B-00C04F79EFBC}") = "Arpg.Api", "Arpg.Api\Arpg.Api.csproj", "{8B7D857B-C187-458D-B5EE-7ABF3D16249A}"
EndProject
Project("{FAE04EC0-301F-11D3-BF4B-00C04F79EFBC}") = "Arpg.Shared", "Arpg.Shared\Arpg.Shared.csproj", "{E385D76A-4C2D-4191-B9F1-6420791D3C89}"
EndProject
Project("{FAE04EC0-301F-11D3-BF4B-00C04F79EFBC}") = "Arpg.Core", "Arpg.Core\Arpg.Core.csproj", "{6C3F5B9C-DBEF-4B6E-ADB2-224F673C3B43}"
EndProject
Project("{FAE04EC0-301F-11D3-BF4B-00C04F79EFBC}") = "Arpg.Infrastructure", "Arpg.Infrastructure\Arpg.Infrastructure.csproj", "{C4797081-3A2A-49DC-A8D8-AA6B774DF835}"
EndProject
Project("{2150E333-8FDC-42A3-9474-1A3956D46DE8}") = "Arpg.Client", "Arpg.Client", "{94CC6329-FE1E-EB12-E3BB-DEF9611EA395}"
EndProject
Project("{FAE04EC0-301F-11D3-BF4B-00C04F79EFBC}") = "Arpg.Client", "Arpg.Client\Arpg.Client\Arpg.Client.csproj", "{54377FFD-593F-44F8-86DC-4F8A869054AB}"
EndProject
Project("{FAE04EC0-301F-11D3-BF4B-00C04F79EFBC}") = "Arpg.Client.Desktop", "Arpg.Client\Arpg.Client.Desktop\Arpg.Client.Desktop.csproj", "{7538F478-8EB2-4C3D-AD38-326646F4AAA1}"
EndProject
Project("{FAE04EC0-301F-11D3-BF4B-00C04F79EFBC}") = "Arpg.Client.Browser", "Arpg.Client\Arpg.Client.Browser\Arpg.Client.Browser.csproj", "{937FC043-8FA8-46D9-961F-E44B7CA38CB4}"
EndProject
Project("{FAE04EC0-301F-11D3-BF4B-00C04F79EFBC}") = "Arpg.Client.Android", "Arpg.Client\Arpg.Client.Android\Arpg.Client.Android.csproj", "{D4DD1733-904A-48A8-94F6-B551A99C95CB}"
EndProject
Project("{FAE04EC0-301F-11D3-BF4B-00C04F79EFBC}") = "Arpg.Application", "Arpg.Application\Arpg.Application.csproj", "{C0931835-797C-404B-95FB-4CF8F125243A}"
EndProject
Project("{FAE04EC0-301F-11D3-BF4B-00C04F79EFBC}") = "Arpg.Contracts", "Arpg.Contracts\Arpg.Contracts.csproj", "{E0BD402E-15AD-455D-8A15-120BF8E5B5A4}"
EndProject
Project("{2150E333-8FDC-42A3-9474-1A3956D46DE8}") = "Arpg.Tests", "Arpg.Tests", "{1EC07EB5-5415-9684-7294-E30414FBDB0A}"
EndProject
Project("{FAE04EC0-301F-11D3-BF4B-00C04F79EFBC}") = "Arpg.Tests.Mocks", "Arpg.Tests\Arpg.Tests.Mocks\Arpg.Tests.Mocks.csproj", "{BDB8A13C-8B95-4FE0-BCBA-13B8D082965F}"
EndProject
Project("{FAE04EC0-301F-11D3-BF4B-00C04F79EFBC}") = "Arpg.Tests.Unit", "Arpg.Tests\Arpg.Tests.Unit\Arpg.Tests.Unit.csproj", "{CCC9237F-6C9B-4685-A05B-CF3696D9EAC2}"
EndProject
Project("{FAE04EC0-301F-11D3-BF4B-00C04F79EFBC}") = "Arpg.Client.Desktop.Mock", "Arpg.Tests\Arpg.Client.Desktop.Mock\Arpg.Client.Desktop.Mock.csproj", "{4252F089-18D6-4237-8141-09EFC14752DA}"
EndProject
Project("{FAE04EC0-301F-11D3-BF4B-00C04F79EFBC}") = "Arpg.Client.Android.Mock", "Arpg.Tests\Arpg.Client.Android.Mock\Arpg.Client.Android.Mock.csproj", "{E050D755-F6F1-48E1-BEF5-1FF94140ED57}"
EndProject
Global
	GlobalSection(SolutionConfigurationPlatforms) = preSolution
		Debug|Any CPU = Debug|Any CPU
		Debug|x64 = Debug|x64
		Debug|x86 = Debug|x86
		Release|Any CPU = Release|Any CPU
		Release|x64 = Release|x64
		Release|x86 = Release|x86
	EndGlobalSection
	GlobalSection(ProjectConfigurationPlatforms) = postSolution
		{8B7D857B-C187-458D-B5EE-7ABF3D16249A}.Debug|Any CPU.ActiveCfg = Debug|Any CPU
		{8B7D857B-C187-458D-B5EE-7ABF3D16249A}.Debug|Any CPU.Build.0 = Debug|Any CPU
		{8B7D857B-C187-458D-B5EE-7ABF3D16249A}.Debug|x64.ActiveCfg = Debug|Any CPU
		{8B7D857B-C187-458D-B5EE-7ABF3D16249A}.Debug|x64.Build.0 = Debug|Any CPU
		{8B7D857B-C187-458D-B5EE-7ABF3D16249A}.Debug|x86.ActiveCfg = Debug|Any CPU
		{8B7D857B-C187-458D-B5EE-7ABF3D16249A}.Debug|x86.Build.0 = Debug|Any CPU
		{8B7D857B-C187-458D-B5EE-7ABF3D16249A}.Release|Any CPU.ActiveCfg = Release|Any CPU
		{8B7D857B-C187-458D-B5EE-7ABF3D16249A}.Release|Any CPU.Build.0 = Release|Any CPU
		{8B7D857B-C187-458D-B5EE-7ABF3D16249A}.Release|x64.ActiveCfg = Release|Any CPU
		{8B7D857B-C187-458D-B5EE-7ABF3D16249A}.Release|x64.Build.0 = Release|Any CPU
		{8B7D857B-C187-458D-B5EE-7ABF3D16249A}.Release|x86.ActiveCfg = Release|Any CPU
		{8B7D857B-C187-458D-B5EE-7ABF3D16249A}.Release|x86.Build.0 = Release|Any CPU
		{E385D76A-4C2D-4191-B9F1-6420791D3C89}.Debug|Any CPU.ActiveCfg = Debug|Any CPU
		{E385D76A-4C2D-4191-B9F1-6420791D3C89}.Debug|Any CPU.Build.0 = Debug|Any CPU
		{E385D76A-4C2D-4191-B9F1-6420791D3C89}.Debug|x64.ActiveCfg = Debug|Any CPU
		{E385D76A-4C2D-4191-B9F1-6420791D3C89}.Debug|x64.Build.0 = Debug|Any CPU
		{E385D76A-4C2D-4191-B9F1-6420791D3C89}.Debug|x86.ActiveCfg = Debug|Any CPU
		{E385D76A-4C2D-4191-B9F1-6420791D3C89}.Debug|x86.Build.0 = Debug|Any CPU
		{E385D76A-4C2D-4191-B9F1-6420791D3C89}.Release|Any CPU.ActiveCfg = Release|Any CPU
		{E385D76A-4C2D-4191-B9F1-6420791D3C89}.Release|Any CPU.Build.0 = Release|Any CPU
		{E385D76A-4C2D-4191-B9F1-6420791D3C89}.Release|x64.ActiveCfg = Release|Any CPU
		{E385D76A-4C2D-4191-B9F1-6420791D3C89}.Release|x64.Build.0 = Release|Any CPU
		{E385D76A-4C2D-4191-B9F1-6420791D3C89}.Release|x86.ActiveCfg = Release|Any CPU
		{E385D76A-4C2D-4191-B9F1-6420791D3C89}.Release|x86.Build.0 = Release|Any CPU
		{6C3F5B9C-DBEF-4B6E-ADB2-224F673C3B43}.Debug|Any CPU.ActiveCfg = Debug|Any CPU
		{6C3F5B9C-DBEF-4B6E-ADB2-224F673C3B43}.Debug|Any CPU.Build.0 = Debug|Any CPU
		{6C3F5B9C-DBEF-4B6E-ADB2-224F673C3B43}.Debug|x64.ActiveCfg = Debug|Any CPU
		{6C3F5B9C-DBEF-4B6E-ADB2-224F673C3B43}.Debug|x64.Build.0 = Debug|Any CPU
		{6C3F5B9C-DBEF-4B6E-ADB2-224F673C3B43}.Debug|x86.ActiveCfg = Debug|Any CPU
		{6C3F5B9C-DBEF-4B6E-ADB2-224F673C3B43}.Debug|x86.Build.0 = Debug|Any CPU
		{6C3F5B9C-DBEF-4B6E-ADB2-224F673C3B43}.Release|Any CPU.ActiveCfg = Release|Any CPU
		{6C3F5B9C-DBEF-4B6E-ADB2-224F673C3B43}.Release|Any CPU.Build.0 = Release|Any CPU
		{6C3F5B9C-DBEF-4B6E-ADB2-224F673C3B43}.Release|x64.ActiveCfg = Release|Any CPU
		{6C3F5B9C-DBEF-4B6E-ADB2-224F673C3B43}.Release|x64.Build.0 = Release|Any CPU
		{6C3F5B9C-DBEF-4B6E-ADB2-224F673C3B43}.Release|x86.ActiveCfg = Release|Any CPU
		{6C3F5B9C-DBEF-4B6E-ADB2-224F673C3B43}.Release|x86.Build.0 = Release|Any CPU
		{C4797081-3A2A-49DC-A8D8-AA6B774DF835}.Debug|Any CPU.ActiveCfg = Debug|Any CPU
		{C4797081-3A2A-49DC-A8D8-AA6B774DF835}.Debug|Any CPU.Build.0 = Debug|Any CPU
		{C4797081-3A2A-49DC-A8D8-AA6B774DF835}.Debug|x64.ActiveCfg = Debug|Any CPU
		{C4797081-3A2A-49DC-A8D8-AA6B774DF835}.Debug|x64.Build.0 = Debug|Any CPU
		{C4797081-3A2A-49DC-A8D8-AA6B774DF835}.Debug|x86.ActiveCfg = Debug|Any CPU
		{C4797081-3A2A-49DC-A8D8-AA6B774DF835}.Debug|x86.Build.0 = Debug|Any CPU
		{C4797081-3A2A-49DC-A8D8-AA6B774DF835}.Release|Any CPU.ActiveCfg = Release|Any CPU
		{C4797081-3A2A-49DC-A8D8-AA6B774DF835}.Release|Any CPU.Build.0 = Release|Any CPU
		{C4797081-3A2A-49DC-A8D8-AA6B774DF835}.Release|x64.ActiveCfg = Release|Any CPU
		{C4797081-3A2A-49DC-A8D8-AA6B774DF835}.Release|x64.Build.0 = Release|Any CPU
		{C4797081-3A2A-49DC-A8D8-AA6B774DF835}.Release|x86.ActiveCfg = Release|Any CPU
		{C4797081-3A2A-49DC-A8D8-AA6B774DF835}.Release|x86.Build.0 = Release|Any CPU
		{54377FFD-593F-44F8-86DC-4F8A869054AB}.Debug|Any CPU.ActiveCfg = Debug|Any CPU
		{54377FFD-593F-44F8-86DC-4F8A869054AB}.Debug|Any CPU.Build.0 = Debug|Any CPU
		{54377FFD-593F-44F8-86DC-4F8A869054AB}.Debug|x64.ActiveCfg = Debug|Any CPU
		{54377FFD-593F-44F8-86DC-4F8A869054AB}.Debug|x64.Build.0 = Debug|Any CPU
		{54377FFD-593F-44F8-86DC-4F8A869054AB}.Debug|x86.ActiveCfg = Debug|Any CPU
		{54377FFD-593F-44F8-86DC-4F8A869054AB}.Debug|x86.Build.0 = Debug|Any CPU
		{54377FFD-593F-44F8-86DC-4F8A869054AB}.Release|Any CPU.ActiveCfg = Release|Any CPU
		{54377FFD-593F-44F8-86DC-4F8A869054AB}.Release|Any CPU.Build.0 = Release|Any CPU
		{54377FFD-593F-44F8-86DC-4F8A869054AB}.Release|x64.ActiveCfg = Release|Any CPU
		{54377FFD-593F-44F8-86DC-4F8A869054AB}.Release|x64.Build.0 = Release|Any CPU
		{54377FFD-593F-44F8-86DC-4F8A869054AB}.Release|x86.ActiveCfg = Release|Any CPU
		{54377FFD-593F-44F8-86DC-4F8A869054AB}.Release|x86.Build.0 = Release|Any CPU
		{7538F478-8EB2-4C3D-AD38-326646F4AAA1}.Debug|Any CPU.ActiveCfg = Debug|Any CPU
		{7538F478-8EB2-4C3D-AD38-326646F4AAA1}.Debug|Any CPU.Build.0 = Debug|Any CPU
		{7538F478-8EB2-4C3D-AD38-326646F4AAA1}.Debug|x64.ActiveCfg = Debug|Any CPU
		{7538F478-8EB2-4C3D-AD38-326646F4AAA1}.Debug|x64.Build.0 = Debug|Any CPU
		{7538F478-8EB2-4C3D-AD38-326646F4AAA1}.Debug|x86.ActiveCfg = Debug|Any CPU
		{7538F478-8EB2-4C3D-AD38-326646F4AAA1}.Debug|x86.Build.0 = Debug|Any CPU
		{7538F478-8EB2-4C3D-AD38-326646F4AAA1}.Release|Any CPU.ActiveCfg = Release|Any CPU
		{7538F478-8EB2-4C3D-AD38-326646F4AAA1}.Release|Any CPU.Build.0 = Release|Any CPU
		{7538F478-8EB2-4C3D-AD38-326646F4AAA1}.Release|x64.ActiveCfg = Release|Any CPU
		{7538F478-8EB2-4C3D-AD38-326646F4AAA1}.Release|x64.Build.0 = Release|Any CPU
		{7538F478-8EB2-4C3D-AD38-326646F4AAA1}.Release|x86.ActiveCfg = Release|Any CPU
		{7538F478-8EB2-4C3D-AD38-326646F4AAA1}.Release|x86.Build.0 = Release|Any CPU
		{937FC043-8FA8-46D9-961F-E44B7CA38CB4}.Debug|Any CPU.ActiveCfg = Debug|Any CPU
		{937FC043-8FA8-46D9-961F-E44B7CA38CB4}.Debug|Any CPU.Build.0 = Debug|Any CPU
		{937FC043-8FA8-46D9-961F-E44B7CA38CB4}.Debug|x64.ActiveCfg = Debug|Any CPU
		{937FC043-8FA8-46D9-961F-E44B7CA38CB4}.Debug|x64.Build.0 = Debug|Any CPU
		{937FC043-8FA8-46D9-961F-E44B7CA38CB4}.Debug|x86.ActiveCfg = Debug|Any CPU
		{937FC043-8FA8-46D9-961F-E44B7CA38CB4}.Debug|x86.Build.0 = Debug|Any CPU
		{937FC043-8FA8-46D9-961F-E44B7CA38CB4}.Release|Any CPU.ActiveCfg = Release|Any CPU
		{937FC043-8FA8-46D9-961F-E44B7CA38CB4}.Release|Any CPU.Build.0 = Release|Any CPU
		{937FC043-8FA8-46D9-961F-E44B7CA38CB4}.Release|x64.ActiveCfg = Release|Any CPU
		{937FC043-8FA8-46D9-961F-E44B7CA38CB4}.Release|x64.Build.0 = Release|Any CPU
		{937FC043-8FA8-46D9-961F-E44B7CA38CB4}.Release|x86.ActiveCfg = Release|Any CPU
		{937FC043-8FA8-46D9-961F-E44B7CA38CB4}.Release|x86.Build.0 = Release|Any CPU
		{D4DD1733-904A-48A8-94F6-B551A99C95CB}.Debug|Any CPU.ActiveCfg = Debug|Any CPU
		{D4DD1733-904A-48A8-94F6-B551A99C95CB}.Debug|Any CPU.Build.0 = Debug|Any CPU
		{D4DD1733-904A-48A8-94F6-B551A99C95CB}.Debug|x64.ActiveCfg = Debug|Any CPU
		{D4DD1733-904A-48A8-94F6-B551A99C95CB}.Debug|x64.Build.0 = Debug|Any CPU
		{D4DD1733-904A-48A8-94F6-B551A99C95CB}.Debug|x86.ActiveCfg = Debug|Any CPU
		{D4DD1733-904A-48A8-94F6-B551A99C95CB}.Debug|x86.Build.0 = Debug|Any CPU
		{D4DD1733-904A-48A8-94F6-B551A99C95CB}.Release|Any CPU.ActiveCfg = Release|Any CPU
		{D4DD1733-904A-48A8-94F6-B551A99C95CB}.Release|Any CPU.Build.0 = Release|Any CPU
		{D4DD1733-904A-48A8-94F6-B551A99C95CB}.Release|x64.ActiveCfg = Release|Any CPU
		{D4DD1733-904A-48A8-94F6-B551A99C95CB}.Release|x64.Build.0 = Release|Any CPU
		{D4DD1733-904A-48A8-94F6-B551A99C95CB}.Release|x86.ActiveCfg = Release|Any CPU
		{D4DD1733-904A-48A8-94F6-B551A99C95CB}.Release|x86.Build.0 = Release|Any CPU
		{C0931835-797C-404B-95FB-4CF8F125243A}.Debug|Any CPU.ActiveCfg = Debug|Any CPU
		{C0931835-797C-404B-95FB-4CF8F125243A}.Debug|Any CPU.Build.0 = Debug|Any CPU
		{C0931835-797C-404B-95FB-4CF8F125243A}.Debug|x64.ActiveCfg = Debug|Any CPU
		{C0931835-797C-404B-95FB-4CF8F125243A}.Debug|x64.Build.0 = Debug|Any CPU
		{C0931835-797C-404B-95FB-4CF8F125243A}.Debug|x86.ActiveCfg = Debug|Any CPU
		{C0931835-797C-404B-95FB-4CF8F125243A}.Debug|x86.Build.0 = Debug|Any CPU
		{C0931835-797C-404B-95FB-4CF8F125243A}.Release|Any CPU.ActiveCfg = Release|Any CPU
		{C0931835-797C-404B-95FB-4CF8F125243A}.Release|Any CPU.Build.0 = Release|Any CPU
		{C0931835-797C-404B-95FB-4CF8F125243A}.Release|x64.ActiveCfg = Release|Any CPU
		{C0931835-797C-404B-95FB-4CF8F125243A}.Release|x64.Build.0 = Release|Any CPU
		{C0931835-797C-404B-95FB-4CF8F125243A}.Release|x86.ActiveCfg = Release|Any CPU
		{C0931835-797C-404B-95FB-4CF8F125243A}.Release|x86.Build.0 = Release|Any CPU
		{E0BD402E-15AD-455D-8A15-120BF8E5B5A4}.Debug|Any CPU.ActiveCfg = Debug|Any CPU
		{E0BD402E-15AD-455D-8A15-120BF8E5B5A4}.Debug|Any CPU.Build.0 = Debug|Any CPU
		{E0BD402E-15AD-455D-8A15-120BF8E5B5A4}.Debug|x64.ActiveCfg = Debug|Any CPU
		{E0BD402E-15AD-455D-8A15-120BF8E5B5A4}.Debug|x64.Build.0 = Debug|Any CPU
		{E0BD402E-15AD-455D-8A15-120BF8E5B5A4}.Debug|x86.ActiveCfg = Debug|Any CPU
		{E0BD402E-15AD-455D-8A15-120BF8E5B5A4}.Debug|x86.Build.0 = Debug|Any CPU
		{E0BD402E-15AD-455D-8A15-120BF8E5B5A4}.Release|Any CPU.ActiveCfg = Release|Any CPU
		{E0BD402E-15AD-455D-8A15-120BF8E5B5A4}.Release|Any CPU.Build.0 = Release|Any CPU
		{E0BD402E-15AD-455D-8A15-120BF8E5B5A4}.Release|x64.ActiveCfg = Release|Any CPU
		{E0BD402E-15AD-455D-8A15-120BF8E5B5A4}.Release|x64.Build.0 = Release|Any CPU
		{E0BD402E-15AD-455D-8A15-120BF8E5B5A4}.Release|x86.ActiveCfg = Release|Any CPU
		{E0BD402E-15AD-455D-8A15-120BF8E5B5A4}.Release|x86.Build.0 = Release|Any CPU
		{BDB8A13C-8B95-4FE0-BCBA-13B8D082965F}.Debug|Any CPU.ActiveCfg = Debug|Any CPU
		{BDB8A13C-8B95-4FE0-BCBA-13B8D082965F}.Debug|Any CPU.Build.0 = Debug|Any CPU
		{BDB8A13C-8B95-4FE0-BCBA-13B8D082965F}.Debug|x64.ActiveCfg = Debug|Any CPU
		{BDB8A13C-8B95-4FE0-BCBA-13B8D082965F}.Debug|x64.Build.0 = Debug|Any CPU
		{BDB8A13C-8B95-4FE0-BCBA-13B8D082965F}.Debug|x86.ActiveCfg = Debug|Any CPU
		{BDB8A13C-8B95-4FE0-BCBA-13B8D082965F}.Debug|x86.Build.0 = Debug|Any CPU
		{BDB8A13C-8B95-4FE0-BCBA-13B8D082965F}.Release|Any CPU.ActiveCfg = Release|Any CPU
		{BDB8A13C-8B95-4FE0-BCBA-13B8D082965F}.Release|Any CPU.Build.0 = Release|Any CPU
		{BDB8A13C-8B95-4FE0-BCBA-13B8D082965F}.Release|x64.ActiveCfg = Release|Any CPU
		{BDB8A13C-8B95-4FE0-BCBA-13B8D082965F}.Release|x64.Build.0 = Release|Any CPU
		{BDB8A13C-8B95-4FE0-BCBA-13B8D082965F}.Release|x86.ActiveCfg = Release|Any CPU
		{BDB8A13C-8B95-4FE0-BCBA-13B8D082965F}.Release|x86.Build.0 = Release|Any CPU
		{CCC9237F-6C9B-4685-A05B-CF3696D9EAC2}.Debug|Any CPU.ActiveCfg = Debug|Any CPU
		{CCC9237F-6C9B-4685-A05B-CF3696D9EAC2}.Debug|Any CPU.Build.0 = Debug|Any CPU
		{CCC9237F-6C9B-4685-A05B-CF3696D9EAC2}.Debug|x64.ActiveCfg = Debug|Any CPU
		{CCC9237F-6C9B-4685-A05B-CF3696D9EAC2}.Debug|x64.Build.0 = Debug|Any CPU
		{CCC9237F-6C9B-4685-A05B-CF3696D9EAC2}.Debug|x86.ActiveCfg = Debug|Any CPU
		{CCC9237F-6C9B-4685-A05B-CF3696D9EAC2}.Debug|x86.Build.0 = Debug|Any CPU
		{CCC9237F-6C9B-4685-A05B-CF3696D9EAC2}.Release|Any CPU.ActiveCfg = Release|Any CPU
		{CCC9237F-6C9B-4685-A05B-CF3696D9EAC2}.Release|Any CPU.Build.0 = Release|Any CPU
		{CCC9237F-6C9B-4685-A05B-CF3696D9EAC2}.Release|x64.ActiveCfg = Release|Any CPU
		{CCC9237F-6C9B-4685-A05B-CF3696D9EAC2}.Release|x64.Build.0 = Release|Any CPU
		{CCC9237F-6C9B-4685-A05B-CF3696D9EAC2}.Release|x86.ActiveCfg = Release|Any CPU
		{CCC9237F-6C9B-4685-A05B-CF3696D9EAC2}.Release|x86.Build.0 = Release|Any CPU
		{4252F089-18D6-4237-8141-09EFC14752DA}.Debug|Any CPU.ActiveCfg = Debug|Any CPU
		{4252F089-18D6-4237-8141-09EFC14752DA}.Debug|Any CPU.Build.0 = Debug|Any CPU
		{4252F089-18D6-4237-8141-09EFC14752DA}.Debug|x64.ActiveCfg = Debug|Any CPU
		{4252F089-18D6-4237-8141-09EFC14752DA}.Debug|x64.Build.0 = Debug|Any CPU
		{4252F089-18D6-4237-8141-09EFC14752DA}.Debug|x86.ActiveCfg = Debug|Any CPU
		{4252F089-18D6-4237-8141-09EFC14752DA}.Debug|x86.Build.0 = Debug|Any CPU
		{4252F089-18D6-4237-8141-09EFC14752DA}.Release|Any CPU.ActiveCfg = Release|Any CPU
		{4252F089-18D6-4237-8141-09EFC14752DA}.Release|Any CPU.Build.0 = Release|Any CPU
		{4252F089-18D6-4237-8141-09EFC14752DA}.Release|x64.ActiveCfg = Release|Any CPU
		{4252F089-18D6-4237-8141-09EFC14752DA}.Release|x64.Build.0 = Release|Any CPU
		{4252F089-18D6-4237-8141-09EFC14752DA}.Release|x86.ActiveCfg = Release|Any CPU
		{4252F089-18D6-4237-8141-09EFC14752DA}.Release|x86.Build.0 = Release|Any CPU
		{E050D755-F6F1-48E1-BEF5-1FF94140ED57}.Debug|Any CPU.ActiveCfg = Debug|Any CPU
		{E050D755-F6F1-48E1-BEF5-1FF94140ED57}.Debug|Any CPU.Build.0 = Debug|Any CPU
		{E050D755-F6F1-48E1-BEF5-1FF94140ED57}.Debug|x64.ActiveCfg = Debug|Any CPU
		{E050D755-F6F1-48E1-BEF5-1FF94140ED57}.Debug|x64.Build.0 = Debug|Any CPU
		{E050D755-F6F1-48E1-BEF5-1FF94140ED57}.Debug|x86.ActiveCfg = Debug|Any CPU
		{E050D755-F6F1-48E1-BEF5-1FF94140ED57}.Debug|x86.Build.0 = Debug|Any CPU
		{E050D755-F6F1-48E1-BEF5-1FF94140ED57}.Release|Any CPU.ActiveCfg = Release|Any CPU
		{E050D755-F6F1-48E1-BEF5-1FF94140ED57}.Release|Any CPU.Build.0 = Release|Any CPU
		{E050D755-F6F1-48E1-BEF5-1FF94140ED57}.Release|x64.ActiveCfg = Release|Any CPU
		{E050D755-F6F1-48E1-BEF5-1FF94140ED57}.Release|x64.Build.0 = Release|Any CPU
		{E050D755-F6F1-48E1-BEF5-1FF94140ED57}.Release|x86.ActiveCfg = Release|Any CPU
		{E050D755-F6F1-48E1-BEF5-1FF94140ED57}.Release|x86.Build.0 = Release|Any CPU
	EndGlobalSection
	GlobalSection(SolutionProperties) = preSolution
		HideSolutionNode = FALSE
	EndGlobalSection
	GlobalSection(NestedProjects) = preSolution
		{54377FFD-593F-44F8-86DC-4F8A869054AB} = {94CC6329-FE1E-EB12-E3BB-DEF9611EA395}
		{7538F478-8EB2-4C3D-AD38-326646F4AAA1} = {94CC6329-FE1E-EB12-E3BB-DEF9611EA395}
		{937FC043-8FA8-46D9-961F-E44B7CA38CB4} = {94CC6329-FE1E-EB12-E3BB-DEF9611EA395}
		{D4DD1733-904A-48A8-94F6-B551A99C95CB} = {94CC6329-FE1E-EB12-E3BB-DEF9611EA395}
		{BDB8A13C-8B95-4FE0-BCBA-13B8D082965F} = {1EC07EB5-5415-9684-7294-E30414FBDB0A}
		{CCC9237F-6C9B-4685-A05B-CF3696D9EAC2} = {1EC07EB5-5415-9684-7294-E30414FBDB0A}
		{4252F089-18D6-4237-8141-09EFC14752DA} = {1EC07EB5-5415-9684-7294-E30414FBDB0A}
		{E050D755-F6F1-48E1-BEF5-1FF94140ED57} = {1EC07EB5-5415-9684-7294-E30414FBDB0A}
	EndGlobalSection
EndGlobal
