
Microsoft Visual Studio Solution File, Format Version 12.00
# Visual Studio Version 17
VisualStudioVersion = 17.0.31903.59
MinimumVisualStudioVersion = 10.0.40219.1
Project("{2150E333-8FDC-42A3-9474-1A3956D46DE8}") = "src", "src", "{827E0CD3-B72D-47B6-A68D-7590B98EB39B}"
	ProjectSection(SolutionItems) = preProject
		.dockerignore = .dockerignore
	EndProjectSection
EndProject
Project("{2150E333-8FDC-42A3-9474-1A3956D46DE8}") = "Server", "Server", "{E6B48023-E680-40DA-9E17-319585C26937}"
EndProject
Project("{FAE04EC0-301F-11D3-BF4B-00C04F79EFBC}") = "Arpg.Api", "src\Server\Arpg.Api\Arpg.Api.csproj", "{76224645-E00C-448C-8730-3B0BF55A2177}"
EndProject
Project("{FAE04EC0-301F-11D3-BF4B-00C04F79EFBC}") = "Arpg.Application", "src\Server\Arpg.Application\Arpg.Application.csproj", "{9ED8433A-6FAF-4F19-A9E8-A9A449B9D0B1}"
EndProject
Project("{FAE04EC0-301F-11D3-BF4B-00C04F79EFBC}") = "Arpg.Core", "src\Server\Arpg.Core\Arpg.Core.csproj", "{7F2FA378-8445-45D5-88E9-32A5232D33C8}"
EndProject
Project("{FAE04EC0-301F-11D3-BF4B-00C04F79EFBC}") = "Arpg.Infrastructure", "src\Server\Arpg.Infrastructure\Arpg.Infrastructure.csproj", "{D0CDCE69-7517-4537-BAF8-5E0BC5D43BA9}"
EndProject
Project("{2150E333-8FDC-42A3-9474-1A3956D46DE8}") = "Shared", "Shared", "{C8E42992-5E42-0C2B-DBFE-AA848D06431C}"
EndProject
Project("{FAE04EC0-301F-11D3-BF4B-00C04F79EFBC}") = "Arpg.Primitives", "src\Shared\Arpg.Primitives\Arpg.Primitives.csproj", "{E8104B68-4D72-4349-BF2F-70446850C0F5}"
EndProject
Project("{FAE04EC0-301F-11D3-BF4B-00C04F79EFBC}") = "Arpg.Contracts", "src\Shared\Arpg.Contracts\Arpg.Contracts.csproj", "{78E6EB1D-FD77-4164-9C3A-B4434C49B0F4}"
EndProject
Project("{2150E333-8FDC-42A3-9474-1A3956D46DE8}") = "Client", "Client", "{C5A3B5EA-BE9F-76E5-E9B8-8A22B289B295}"
EndProject
Project("{FAE04EC0-301F-11D3-BF4B-00C04F79EFBC}") = "Arpg.Client", "src\Client\Arpg.Client\Arpg.Client.csproj", "{5109A07A-88A8-4384-9F32-0A5B3C1B978B}"
EndProject
Project("{FAE04EC0-301F-11D3-BF4B-00C04F79EFBC}") = "Arpg.Client.Desktop", "src\Client\Arpg.Client.Desktop\Arpg.Client.Desktop.csproj", "{8247BD19-F205-410F-8AFE-2AD6E27B07BE}"
EndProject
Project("{FAE04EC0-301F-11D3-BF4B-00C04F79EFBC}") = "Arpg.Client.Browser", "src\Client\Arpg.Client.Browser\Arpg.Client.Browser.csproj", "{37B11E97-44C8-4B61-9DEF-0164BBBBE63D}"
EndProject
Project("{FAE04EC0-301F-11D3-BF4B-00C04F79EFBC}") = "Arpg.Client.Android", "src\Client\Arpg.Client.Android\Arpg.Client.Android.csproj", "{59815C63-1F40-471C-8580-29028BE0C689}"
EndProject
Project("{2150E333-8FDC-42A3-9474-1A3956D46DE8}") = "tests", "tests", "{0AB3BF05-4346-4AA6-1389-037BE0695223}"
EndProject
Project("{FAE04EC0-301F-11D3-BF4B-00C04F79EFBC}") = "Arpg.Client.Android.Mock", "tests\Arpg.Client.Android.Mock\Arpg.Client.Android.Mock.csproj", "{6A4DDF34-6CE3-475B-A8D4-0B99B418D92B}"
EndProject
Project("{FAE04EC0-301F-11D3-BF4B-00C04F79EFBC}") = "Arpg.Tests.Mocks", "tests\Arpg.Tests.Mocks\Arpg.Tests.Mocks.csproj", "{84714F9D-C99B-4272-9B63-DAC9756726C1}"
EndProject
Project("{FAE04EC0-301F-11D3-BF4B-00C04F79EFBC}") = "Arpg.Client.Desktop.Mock", "tests\Arpg.Client.Desktop.Mock\Arpg.Client.Desktop.Mock.csproj", "{3023527C-2246-44A6-AB07-B508C94B70D1}"
EndProject
Project("{2150E333-8FDC-42A3-9474-1A3956D46DE8}") = "Solution Items", "Solution Items", "{F2D5D6EB-4473-426A-8DE5-DCEBC715521F}"
	ProjectSection(SolutionItems) = preProject
		compose.yaml = compose.yaml
	EndProjectSection
EndProject
Project("{FAE04EC0-301F-11D3-BF4B-00C04F79EFBC}") = "Arpg.Server.Tests", "tests\Arpg.Server.Tests\Arpg.Server.Tests.csproj", "{6E548DBB-15B4-4BC8-A45B-2FFD7143A30D}"
EndProject
Project("{FAE04EC0-301F-11D3-BF4B-00C04F79EFBC}") = "Arpg.Client.Tests", "tests\Arpg.Client.Tests\Arpg.Client.Tests.csproj", "{54C4510A-B8A1-4E63-85A8-CEF30BF80930}"
EndProject
Global
	GlobalSection(SolutionConfigurationPlatforms) = preSolution
		Debug|Any CPU = Debug|Any CPU
		Debug|x64 = Debug|x64
		Debug|x86 = Debug|x86
		Release|Any CPU = Release|Any CPU
		Release|x64 = Release|x64
		Release|x86 = Release|x86
	EndGlobalSection
	GlobalSection(ProjectConfigurationPlatforms) = postSolution
		{76224645-E00C-448C-8730-3B0BF55A2177}.Debug|Any CPU.ActiveCfg = Debug|Any CPU
		{76224645-E00C-448C-8730-3B0BF55A2177}.Debug|Any CPU.Build.0 = Debug|Any CPU
		{76224645-E00C-448C-8730-3B0BF55A2177}.Debug|x64.ActiveCfg = Debug|Any CPU
		{76224645-E00C-448C-8730-3B0BF55A2177}.Debug|x64.Build.0 = Debug|Any CPU
		{76224645-E00C-448C-8730-3B0BF55A2177}.Debug|x86.ActiveCfg = Debug|Any CPU
		{76224645-E00C-448C-8730-3B0BF55A2177}.Debug|x86.Build.0 = Debug|Any CPU
		{76224645-E00C-448C-8730-3B0BF55A2177}.Release|Any CPU.ActiveCfg = Release|Any CPU
		{76224645-E00C-448C-8730-3B0BF55A2177}.Release|Any CPU.Build.0 = Release|Any CPU
		{76224645-E00C-448C-8730-3B0BF55A2177}.Release|x64.ActiveCfg = Release|Any CPU
		{76224645-E00C-448C-8730-3B0BF55A2177}.Release|x64.Build.0 = Release|Any CPU
		{76224645-E00C-448C-8730-3B0BF55A2177}.Release|x86.ActiveCfg = Release|Any CPU
		{76224645-E00C-448C-8730-3B0BF55A2177}.Release|x86.Build.0 = Release|Any CPU
		{9ED8433A-6FAF-4F19-A9E8-A9A449B9D0B1}.Debug|Any CPU.ActiveCfg = Debug|Any CPU
		{9ED8433A-6FAF-4F19-A9E8-A9A449B9D0B1}.Debug|Any CPU.Build.0 = Debug|Any CPU
		{9ED8433A-6FAF-4F19-A9E8-A9A449B9D0B1}.Debug|x64.ActiveCfg = Debug|Any CPU
		{9ED8433A-6FAF-4F19-A9E8-A9A449B9D0B1}.Debug|x64.Build.0 = Debug|Any CPU
		{9ED8433A-6FAF-4F19-A9E8-A9A449B9D0B1}.Debug|x86.ActiveCfg = Debug|Any CPU
		{9ED8433A-6FAF-4F19-A9E8-A9A449B9D0B1}.Debug|x86.Build.0 = Debug|Any CPU
		{9ED8433A-6FAF-4F19-A9E8-A9A449B9D0B1}.Release|Any CPU.ActiveCfg = Release|Any CPU
		{9ED8433A-6FAF-4F19-A9E8-A9A449B9D0B1}.Release|Any CPU.Build.0 = Release|Any CPU
		{9ED8433A-6FAF-4F19-A9E8-A9A449B9D0B1}.Release|x64.ActiveCfg = Release|Any CPU
		{9ED8433A-6FAF-4F19-A9E8-A9A449B9D0B1}.Release|x64.Build.0 = Release|Any CPU
		{9ED8433A-6FAF-4F19-A9E8-A9A449B9D0B1}.Release|x86.ActiveCfg = Release|Any CPU
		{9ED8433A-6FAF-4F19-A9E8-A9A449B9D0B1}.Release|x86.Build.0 = Release|Any CPU
		{7F2FA378-8445-45D5-88E9-32A5232D33C8}.Debug|Any CPU.ActiveCfg = Debug|Any CPU
		{7F2FA378-8445-45D5-88E9-32A5232D33C8}.Debug|Any CPU.Build.0 = Debug|Any CPU
		{7F2FA378-8445-45D5-88E9-32A5232D33C8}.Debug|x64.ActiveCfg = Debug|Any CPU
		{7F2FA378-8445-45D5-88E9-32A5232D33C8}.Debug|x64.Build.0 = Debug|Any CPU
		{7F2FA378-8445-45D5-88E9-32A5232D33C8}.Debug|x86.ActiveCfg = Debug|Any CPU
		{7F2FA378-8445-45D5-88E9-32A5232D33C8}.Debug|x86.Build.0 = Debug|Any CPU
		{7F2FA378-8445-45D5-88E9-32A5232D33C8}.Release|Any CPU.ActiveCfg = Release|Any CPU
		{7F2FA378-8445-45D5-88E9-32A5232D33C8}.Release|Any CPU.Build.0 = Release|Any CPU
		{7F2FA378-8445-45D5-88E9-32A5232D33C8}.Release|x64.ActiveCfg = Release|Any CPU
		{7F2FA378-8445-45D5-88E9-32A5232D33C8}.Release|x64.Build.0 = Release|Any CPU
		{7F2FA378-8445-45D5-88E9-32A5232D33C8}.Release|x86.ActiveCfg = Release|Any CPU
		{7F2FA378-8445-45D5-88E9-32A5232D33C8}.Release|x86.Build.0 = Release|Any CPU
		{D0CDCE69-7517-4537-BAF8-5E0BC5D43BA9}.Debug|Any CPU.ActiveCfg = Debug|Any CPU
		{D0CDCE69-7517-4537-BAF8-5E0BC5D43BA9}.Debug|Any CPU.Build.0 = Debug|Any CPU
		{D0CDCE69-7517-4537-BAF8-5E0BC5D43BA9}.Debug|x64.ActiveCfg = Debug|Any CPU
		{D0CDCE69-7517-4537-BAF8-5E0BC5D43BA9}.Debug|x64.Build.0 = Debug|Any CPU
		{D0CDCE69-7517-4537-BAF8-5E0BC5D43BA9}.Debug|x86.ActiveCfg = Debug|Any CPU
		{D0CDCE69-7517-4537-BAF8-5E0BC5D43BA9}.Debug|x86.Build.0 = Debug|Any CPU
		{D0CDCE69-7517-4537-BAF8-5E0BC5D43BA9}.Release|Any CPU.ActiveCfg = Release|Any CPU
		{D0CDCE69-7517-4537-BAF8-5E0BC5D43BA9}.Release|Any CPU.Build.0 = Release|Any CPU
		{D0CDCE69-7517-4537-BAF8-5E0BC5D43BA9}.Release|x64.ActiveCfg = Release|Any CPU
		{D0CDCE69-7517-4537-BAF8-5E0BC5D43BA9}.Release|x64.Build.0 = Release|Any CPU
		{D0CDCE69-7517-4537-BAF8-5E0BC5D43BA9}.Release|x86.ActiveCfg = Release|Any CPU
		{D0CDCE69-7517-4537-BAF8-5E0BC5D43BA9}.Release|x86.Build.0 = Release|Any CPU
		{E8104B68-4D72-4349-BF2F-70446850C0F5}.Debug|Any CPU.ActiveCfg = Debug|Any CPU
		{E8104B68-4D72-4349-BF2F-70446850C0F5}.Debug|Any CPU.Build.0 = Debug|Any CPU
		{E8104B68-4D72-4349-BF2F-70446850C0F5}.Debug|x64.ActiveCfg = Debug|Any CPU
		{E8104B68-4D72-4349-BF2F-70446850C0F5}.Debug|x64.Build.0 = Debug|Any CPU
		{E8104B68-4D72-4349-BF2F-70446850C0F5}.Debug|x86.ActiveCfg = Debug|Any CPU
		{E8104B68-4D72-4349-BF2F-70446850C0F5}.Debug|x86.Build.0 = Debug|Any CPU
		{E8104B68-4D72-4349-BF2F-70446850C0F5}.Release|Any CPU.ActiveCfg = Release|Any CPU
		{E8104B68-4D72-4349-BF2F-70446850C0F5}.Release|Any CPU.Build.0 = Release|Any CPU
		{E8104B68-4D72-4349-BF2F-70446850C0F5}.Release|x64.ActiveCfg = Release|Any CPU
		{E8104B68-4D72-4349-BF2F-70446850C0F5}.Release|x64.Build.0 = Release|Any CPU
		{E8104B68-4D72-4349-BF2F-70446850C0F5}.Release|x86.ActiveCfg = Release|Any CPU
		{E8104B68-4D72-4349-BF2F-70446850C0F5}.Release|x86.Build.0 = Release|Any CPU
		{78E6EB1D-FD77-4164-9C3A-B4434C49B0F4}.Debug|Any CPU.ActiveCfg = Debug|Any CPU
		{78E6EB1D-FD77-4164-9C3A-B4434C49B0F4}.Debug|Any CPU.Build.0 = Debug|Any CPU
		{78E6EB1D-FD77-4164-9C3A-B4434C49B0F4}.Debug|x64.ActiveCfg = Debug|Any CPU
		{78E6EB1D-FD77-4164-9C3A-B4434C49B0F4}.Debug|x64.Build.0 = Debug|Any CPU
		{78E6EB1D-FD77-4164-9C3A-B4434C49B0F4}.Debug|x86.ActiveCfg = Debug|Any CPU
		{78E6EB1D-FD77-4164-9C3A-B4434C49B0F4}.Debug|x86.Build.0 = Debug|Any CPU
		{78E6EB1D-FD77-4164-9C3A-B4434C49B0F4}.Release|Any CPU.ActiveCfg = Release|Any CPU
		{78E6EB1D-FD77-4164-9C3A-B4434C49B0F4}.Release|Any CPU.Build.0 = Release|Any CPU
		{78E6EB1D-FD77-4164-9C3A-B4434C49B0F4}.Release|x64.ActiveCfg = Release|Any CPU
		{78E6EB1D-FD77-4164-9C3A-B4434C49B0F4}.Release|x64.Build.0 = Release|Any CPU
		{78E6EB1D-FD77-4164-9C3A-B4434C49B0F4}.Release|x86.ActiveCfg = Release|Any CPU
		{78E6EB1D-FD77-4164-9C3A-B4434C49B0F4}.Release|x86.Build.0 = Release|Any CPU
		{5109A07A-88A8-4384-9F32-0A5B3C1B978B}.Debug|Any CPU.ActiveCfg = Debug|Any CPU
		{5109A07A-88A8-4384-9F32-0A5B3C1B978B}.Debug|Any CPU.Build.0 = Debug|Any CPU
		{5109A07A-88A8-4384-9F32-0A5B3C1B978B}.Debug|x64.ActiveCfg = Debug|Any CPU
		{5109A07A-88A8-4384-9F32-0A5B3C1B978B}.Debug|x64.Build.0 = Debug|Any CPU
		{5109A07A-88A8-4384-9F32-0A5B3C1B978B}.Debug|x86.ActiveCfg = Debug|Any CPU
		{5109A07A-88A8-4384-9F32-0A5B3C1B978B}.Debug|x86.Build.0 = Debug|Any CPU
		{5109A07A-88A8-4384-9F32-0A5B3C1B978B}.Release|Any CPU.ActiveCfg = Release|Any CPU
		{5109A07A-88A8-4384-9F32-0A5B3C1B978B}.Release|Any CPU.Build.0 = Release|Any CPU
		{5109A07A-88A8-4384-9F32-0A5B3C1B978B}.Release|x64.ActiveCfg = Release|Any CPU
		{5109A07A-88A8-4384-9F32-0A5B3C1B978B}.Release|x64.Build.0 = Release|Any CPU
		{5109A07A-88A8-4384-9F32-0A5B3C1B978B}.Release|x86.ActiveCfg = Release|Any CPU
		{5109A07A-88A8-4384-9F32-0A5B3C1B978B}.Release|x86.Build.0 = Release|Any CPU
		{8247BD19-F205-410F-8AFE-2AD6E27B07BE}.Debug|Any CPU.ActiveCfg = Debug|Any CPU
		{8247BD19-F205-410F-8AFE-2AD6E27B07BE}.Debug|Any CPU.Build.0 = Debug|Any CPU
		{8247BD19-F205-410F-8AFE-2AD6E27B07BE}.Debug|x64.ActiveCfg = Debug|Any CPU
		{8247BD19-F205-410F-8AFE-2AD6E27B07BE}.Debug|x64.Build.0 = Debug|Any CPU
		{8247BD19-F205-410F-8AFE-2AD6E27B07BE}.Debug|x86.ActiveCfg = Debug|Any CPU
		{8247BD19-F205-410F-8AFE-2AD6E27B07BE}.Debug|x86.Build.0 = Debug|Any CPU
		{8247BD19-F205-410F-8AFE-2AD6E27B07BE}.Release|Any CPU.ActiveCfg = Release|Any CPU
		{8247BD19-F205-410F-8AFE-2AD6E27B07BE}.Release|Any CPU.Build.0 = Release|Any CPU
		{8247BD19-F205-410F-8AFE-2AD6E27B07BE}.Release|x64.ActiveCfg = Release|Any CPU
		{8247BD19-F205-410F-8AFE-2AD6E27B07BE}.Release|x64.Build.0 = Release|Any CPU
		{8247BD19-F205-410F-8AFE-2AD6E27B07BE}.Release|x86.ActiveCfg = Release|Any CPU
		{8247BD19-F205-410F-8AFE-2AD6E27B07BE}.Release|x86.Build.0 = Release|Any CPU
		{37B11E97-44C8-4B61-9DEF-0164BBBBE63D}.Debug|Any CPU.ActiveCfg = Debug|Any CPU
		{37B11E97-44C8-4B61-9DEF-0164BBBBE63D}.Debug|Any CPU.Build.0 = Debug|Any CPU
		{37B11E97-44C8-4B61-9DEF-0164BBBBE63D}.Debug|x64.ActiveCfg = Debug|Any CPU
		{37B11E97-44C8-4B61-9DEF-0164BBBBE63D}.Debug|x64.Build.0 = Debug|Any CPU
		{37B11E97-44C8-4B61-9DEF-0164BBBBE63D}.Debug|x86.ActiveCfg = Debug|Any CPU
		{37B11E97-44C8-4B61-9DEF-0164BBBBE63D}.Debug|x86.Build.0 = Debug|Any CPU
		{37B11E97-44C8-4B61-9DEF-0164BBBBE63D}.Release|Any CPU.ActiveCfg = Release|Any CPU
		{37B11E97-44C8-4B61-9DEF-0164BBBBE63D}.Release|Any CPU.Build.0 = Release|Any CPU
		{37B11E97-44C8-4B61-9DEF-0164BBBBE63D}.Release|x64.ActiveCfg = Release|Any CPU
		{37B11E97-44C8-4B61-9DEF-0164BBBBE63D}.Release|x64.Build.0 = Release|Any CPU
		{37B11E97-44C8-4B61-9DEF-0164BBBBE63D}.Release|x86.ActiveCfg = Release|Any CPU
		{37B11E97-44C8-4B61-9DEF-0164BBBBE63D}.Release|x86.Build.0 = Release|Any CPU
		{59815C63-1F40-471C-8580-29028BE0C689}.Debug|Any CPU.ActiveCfg = Debug|Any CPU
		{59815C63-1F40-471C-8580-29028BE0C689}.Debug|Any CPU.Build.0 = Debug|Any CPU
		{59815C63-1F40-471C-8580-29028BE0C689}.Debug|x64.ActiveCfg = Debug|Any CPU
		{59815C63-1F40-471C-8580-29028BE0C689}.Debug|x64.Build.0 = Debug|Any CPU
		{59815C63-1F40-471C-8580-29028BE0C689}.Debug|x86.ActiveCfg = Debug|Any CPU
		{59815C63-1F40-471C-8580-29028BE0C689}.Debug|x86.Build.0 = Debug|Any CPU
		{59815C63-1F40-471C-8580-29028BE0C689}.Release|Any CPU.ActiveCfg = Release|Any CPU
		{59815C63-1F40-471C-8580-29028BE0C689}.Release|Any CPU.Build.0 = Release|Any CPU
		{59815C63-1F40-471C-8580-29028BE0C689}.Release|x64.ActiveCfg = Release|Any CPU
		{59815C63-1F40-471C-8580-29028BE0C689}.Release|x64.Build.0 = Release|Any CPU
		{59815C63-1F40-471C-8580-29028BE0C689}.Release|x86.ActiveCfg = Release|Any CPU
		{59815C63-1F40-471C-8580-29028BE0C689}.Release|x86.Build.0 = Release|Any CPU
		{6A4DDF34-6CE3-475B-A8D4-0B99B418D92B}.Debug|Any CPU.ActiveCfg = Debug|Any CPU
		{6A4DDF34-6CE3-475B-A8D4-0B99B418D92B}.Debug|Any CPU.Build.0 = Debug|Any CPU
		{6A4DDF34-6CE3-475B-A8D4-0B99B418D92B}.Debug|x64.ActiveCfg = Debug|Any CPU
		{6A4DDF34-6CE3-475B-A8D4-0B99B418D92B}.Debug|x64.Build.0 = Debug|Any CPU
		{6A4DDF34-6CE3-475B-A8D4-0B99B418D92B}.Debug|x86.ActiveCfg = Debug|Any CPU
		{6A4DDF34-6CE3-475B-A8D4-0B99B418D92B}.Debug|x86.Build.0 = Debug|Any CPU
		{6A4DDF34-6CE3-475B-A8D4-0B99B418D92B}.Release|Any CPU.ActiveCfg = Release|Any CPU
		{6A4DDF34-6CE3-475B-A8D4-0B99B418D92B}.Release|Any CPU.Build.0 = Release|Any CPU
		{6A4DDF34-6CE3-475B-A8D4-0B99B418D92B}.Release|x64.ActiveCfg = Release|Any CPU
		{6A4DDF34-6CE3-475B-A8D4-0B99B418D92B}.Release|x64.Build.0 = Release|Any CPU
		{6A4DDF34-6CE3-475B-A8D4-0B99B418D92B}.Release|x86.ActiveCfg = Release|Any CPU
		{6A4DDF34-6CE3-475B-A8D4-0B99B418D92B}.Release|x86.Build.0 = Release|Any CPU
		{84714F9D-C99B-4272-9B63-DAC9756726C1}.Debug|Any CPU.ActiveCfg = Debug|Any CPU
		{84714F9D-C99B-4272-9B63-DAC9756726C1}.Debug|Any CPU.Build.0 = Debug|Any CPU
		{84714F9D-C99B-4272-9B63-DAC9756726C1}.Debug|x64.ActiveCfg = Debug|Any CPU
		{84714F9D-C99B-4272-9B63-DAC9756726C1}.Debug|x64.Build.0 = Debug|Any CPU
		{84714F9D-C99B-4272-9B63-DAC9756726C1}.Debug|x86.ActiveCfg = Debug|Any CPU
		{84714F9D-C99B-4272-9B63-DAC9756726C1}.Debug|x86.Build.0 = Debug|Any CPU
		{84714F9D-C99B-4272-9B63-DAC9756726C1}.Release|Any CPU.ActiveCfg = Release|Any CPU
		{84714F9D-C99B-4272-9B63-DAC9756726C1}.Release|Any CPU.Build.0 = Release|Any CPU
		{84714F9D-C99B-4272-9B63-DAC9756726C1}.Release|x64.ActiveCfg = Release|Any CPU
		{84714F9D-C99B-4272-9B63-DAC9756726C1}.Release|x64.Build.0 = Release|Any CPU
		{84714F9D-C99B-4272-9B63-DAC9756726C1}.Release|x86.ActiveCfg = Release|Any CPU
		{84714F9D-C99B-4272-9B63-DAC9756726C1}.Release|x86.Build.0 = Release|Any CPU
		{3023527C-2246-44A6-AB07-B508C94B70D1}.Debug|Any CPU.ActiveCfg = Debug|Any CPU
		{3023527C-2246-44A6-AB07-B508C94B70D1}.Debug|Any CPU.Build.0 = Debug|Any CPU
		{3023527C-2246-44A6-AB07-B508C94B70D1}.Debug|x64.ActiveCfg = Debug|Any CPU
		{3023527C-2246-44A6-AB07-B508C94B70D1}.Debug|x64.Build.0 = Debug|Any CPU
		{3023527C-2246-44A6-AB07-B508C94B70D1}.Debug|x86.ActiveCfg = Debug|Any CPU
		{3023527C-2246-44A6-AB07-B508C94B70D1}.Debug|x86.Build.0 = Debug|Any CPU
		{3023527C-2246-44A6-AB07-B508C94B70D1}.Release|Any CPU.ActiveCfg = Release|Any CPU
		{3023527C-2246-44A6-AB07-B508C94B70D1}.Release|Any CPU.Build.0 = Release|Any CPU
		{3023527C-2246-44A6-AB07-B508C94B70D1}.Release|x64.ActiveCfg = Release|Any CPU
		{3023527C-2246-44A6-AB07-B508C94B70D1}.Release|x64.Build.0 = Release|Any CPU
		{3023527C-2246-44A6-AB07-B508C94B70D1}.Release|x86.ActiveCfg = Release|Any CPU
		{3023527C-2246-44A6-AB07-B508C94B70D1}.Release|x86.Build.0 = Release|Any CPU
		{6E548DBB-15B4-4BC8-A45B-2FFD7143A30D}.Debug|Any CPU.ActiveCfg = Debug|Any CPU
		{6E548DBB-15B4-4BC8-A45B-2FFD7143A30D}.Debug|Any CPU.Build.0 = Debug|Any CPU
		{6E548DBB-15B4-4BC8-A45B-2FFD7143A30D}.Debug|x64.ActiveCfg = Debug|Any CPU
		{6E548DBB-15B4-4BC8-A45B-2FFD7143A30D}.Debug|x64.Build.0 = Debug|Any CPU
		{6E548DBB-15B4-4BC8-A45B-2FFD7143A30D}.Debug|x86.ActiveCfg = Debug|Any CPU
		{6E548DBB-15B4-4BC8-A45B-2FFD7143A30D}.Debug|x86.Build.0 = Debug|Any CPU
		{6E548DBB-15B4-4BC8-A45B-2FFD7143A30D}.Release|Any CPU.ActiveCfg = Release|Any CPU
		{6E548DBB-15B4-4BC8-A45B-2FFD7143A30D}.Release|Any CPU.Build.0 = Release|Any CPU
		{6E548DBB-15B4-4BC8-A45B-2FFD7143A30D}.Release|x64.ActiveCfg = Release|Any CPU
		{6E548DBB-15B4-4BC8-A45B-2FFD7143A30D}.Release|x64.Build.0 = Release|Any CPU
		{6E548DBB-15B4-4BC8-A45B-2FFD7143A30D}.Release|x86.ActiveCfg = Release|Any CPU
		{6E548DBB-15B4-4BC8-A45B-2FFD7143A30D}.Release|x86.Build.0 = Release|Any CPU
		{54C4510A-B8A1-4E63-85A8-CEF30BF80930}.Debug|Any CPU.ActiveCfg = Debug|Any CPU
		{54C4510A-B8A1-4E63-85A8-CEF30BF80930}.Debug|Any CPU.Build.0 = Debug|Any CPU
		{54C4510A-B8A1-4E63-85A8-CEF30BF80930}.Debug|x64.ActiveCfg = Debug|Any CPU
		{54C4510A-B8A1-4E63-85A8-CEF30BF80930}.Debug|x64.Build.0 = Debug|Any CPU
		{54C4510A-B8A1-4E63-85A8-CEF30BF80930}.Debug|x86.ActiveCfg = Debug|Any CPU
		{54C4510A-B8A1-4E63-85A8-CEF30BF80930}.Debug|x86.Build.0 = Debug|Any CPU
		{54C4510A-B8A1-4E63-85A8-CEF30BF80930}.Release|Any CPU.ActiveCfg = Release|Any CPU
		{54C4510A-B8A1-4E63-85A8-CEF30BF80930}.Release|Any CPU.Build.0 = Release|Any CPU
		{54C4510A-B8A1-4E63-85A8-CEF30BF80930}.Release|x64.ActiveCfg = Release|Any CPU
		{54C4510A-B8A1-4E63-85A8-CEF30BF80930}.Release|x64.Build.0 = Release|Any CPU
		{54C4510A-B8A1-4E63-85A8-CEF30BF80930}.Release|x86.ActiveCfg = Release|Any CPU
		{54C4510A-B8A1-4E63-85A8-CEF30BF80930}.Release|x86.Build.0 = Release|Any CPU
	EndGlobalSection
	GlobalSection(SolutionProperties) = preSolution
		HideSolutionNode = FALSE
	EndGlobalSection
	GlobalSection(NestedProjects) = preSolution
		{E6B48023-E680-40DA-9E17-319585C26937} = {827E0CD3-B72D-47B6-A68D-7590B98EB39B}
		{76224645-E00C-448C-8730-3B0BF55A2177} = {E6B48023-E680-40DA-9E17-319585C26937}
		{9ED8433A-6FAF-4F19-A9E8-A9A449B9D0B1} = {E6B48023-E680-40DA-9E17-319585C26937}
		{7F2FA378-8445-45D5-88E9-32A5232D33C8} = {E6B48023-E680-40DA-9E17-319585C26937}
		{D0CDCE69-7517-4537-BAF8-5E0BC5D43BA9} = {E6B48023-E680-40DA-9E17-319585C26937}
		{C8E42992-5E42-0C2B-DBFE-AA848D06431C} = {827E0CD3-B72D-47B6-A68D-7590B98EB39B}
		{E8104B68-4D72-4349-BF2F-70446850C0F5} = {C8E42992-5E42-0C2B-DBFE-AA848D06431C}
		{78E6EB1D-FD77-4164-9C3A-B4434C49B0F4} = {C8E42992-5E42-0C2B-DBFE-AA848D06431C}
		{C5A3B5EA-BE9F-76E5-E9B8-8A22B289B295} = {827E0CD3-B72D-47B6-A68D-7590B98EB39B}
		{5109A07A-88A8-4384-9F32-0A5B3C1B978B} = {C5A3B5EA-BE9F-76E5-E9B8-8A22B289B295}
		{8247BD19-F205-410F-8AFE-2AD6E27B07BE} = {C5A3B5EA-BE9F-76E5-E9B8-8A22B289B295}
		{37B11E97-44C8-4B61-9DEF-0164BBBBE63D} = {C5A3B5EA-BE9F-76E5-E9B8-8A22B289B295}
		{59815C63-1F40-471C-8580-29028BE0C689} = {C5A3B5EA-BE9F-76E5-E9B8-8A22B289B295}
		{6A4DDF34-6CE3-475B-A8D4-0B99B418D92B} = {0AB3BF05-4346-4AA6-1389-037BE0695223}
		{84714F9D-C99B-4272-9B63-DAC9756726C1} = {0AB3BF05-4346-4AA6-1389-037BE0695223}
		{3023527C-2246-44A6-AB07-B508C94B70D1} = {0AB3BF05-4346-4AA6-1389-037BE0695223}
		{6E548DBB-15B4-4BC8-A45B-2FFD7143A30D} = {0AB3BF05-4346-4AA6-1389-037BE0695223}
		{54C4510A-B8A1-4E63-85A8-CEF30BF80930} = {0AB3BF05-4346-4AA6-1389-037BE0695223}
	EndGlobalSection
EndGlobal
